
Microsoft Visual Studio Solution File, Format Version 12.00
# Visual Studio Version 17
VisualStudioVersion = 17.9.34714.143
MinimumVisualStudioVersion = 10.0.40219.1
Project("{FAE04EC0-301F-11D3-BF4B-00C04F79EFBC}") = "Resources", "Resources\Resources.csproj", "{3CF2BC04-9088-47C5-B6E6-76958D965C22}"
EndProject
Global
	GlobalSection(SolutionConfigurationPlatforms) = preSolution
		Debug|Any CPU = Debug|Any CPU
		Release|Any CPU = Release|Any CPU
	EndGlobalSection
	GlobalSection(ProjectConfigurationPlatforms) = postSolution
		{3CF2BC04-9088-47C5-B6E6-76958D965C22}.Debug|Any CPU.ActiveCfg = Debug|Any CPU
		{3CF2BC04-9088-47C5-B6E6-76958D965C22}.Debug|Any CPU.Build.0 = Debug|Any CPU
		{3CF2BC04-9088-47C5-B6E6-76958D965C22}.Debug|Any CPU.Deploy.0 = Debug|Any CPU
		{3CF2BC04-9088-47C5-B6E6-76958D965C22}.Release|Any CPU.ActiveCfg = Release|Any CPU
		{3CF2BC04-9088-47C5-B6E6-76958D965C22}.Release|Any CPU.Build.0 = Release|Any CPU
		{3CF2BC04-9088-47C5-B6E6-76958D965C22}.Release|Any CPU.Deploy.0 = Release|Any CPU
	EndGlobalSection
	GlobalSection(SolutionProperties) = preSolution
		HideSolutionNode = FALSE
	EndGlobalSection
	GlobalSection(ExtensibilityGlobals) = postSolution
		SolutionGuid = {F722C6B0-9716-4B88-BE20-C351E643EC91}
	EndGlobalSection
EndGlobal
